lockfileVersion: '9.0'

settings:
  autoInstallPeers: true
  excludeLinksFromLockfile: false

importers:

  .:
    dependencies:
      csv-parser:
        specifier: ^3.0.0
        version: 3.0.0
      fs:
        specifier: 0.0.1-security
        version: 0.0.1-security

packages:

  csv-parser@3.0.0:
    resolution: {integrity: sha512-s6OYSXAK3IdKqYO33y09jhypG/bSDHPuyCme/IdEHfWpLf/jKcpitVFyOC6UemgGk8v7Q5u2XE0vvwmanxhGlQ==}
    engines: {node: '>= 10'}
    hasBin: true

  fs@0.0.1-security:
    resolution: {integrity: sha512-3XY9e1pP0CVEUCdj5BmfIZxRBTSDycnbqhIOGec9QYtmVH2fbLpj86CFWkrNOkt/Fvty4KZG5lTglL9j/gJ87w==}

  minimist@1.2.8:
    resolution: {integrity: sha512-2yyAR8qBkN3YuheJanUpWC5U3bb5osDywNB8RzDVlDwDHbocAJveqqj1u8+SVD7jkWT4yvsHCpWqqWqAxb0zCA==}

snapshots:

  csv-parser@3.0.0:
    dependencies:
      minimist: 1.2.8

  fs@0.0.1-security: {}

  minimist@1.2.8: {}
